
Microsoft Visual Studio Solution File, Format Version 12.00
# Visual Studio Version 17
VisualStudioVersion = 17.11.35222.181
MinimumVisualStudioVersion = 10.0.40219.1
Project("{FAE04EC0-301F-11D3-BF4B-00C04F79EFBC}") = "Notes", "Notes\Notes.csproj", "{FAD644EF-0E33-4F4A-81B1-14CAD59FA5FD}"
EndProject
Global
	GlobalSection(SolutionConfigurationPlatforms) = preSolution
		Debug|Any CPU = Debug|Any CPU
		Release|Any CPU = Release|Any CPU
	EndGlobalSection
	GlobalSection(ProjectConfigurationPlatforms) = postSolution
		{FAD644EF-0E33-4F4A-81B1-14CAD59FA5FD}.Debug|Any CPU.ActiveCfg = Debug|Any CPU
		{FAD644EF-0E33-4F4A-81B1-14CAD59FA5FD}.Debug|Any CPU.Build.0 = Debug|Any CPU
		{FAD644EF-0E33-4F4A-81B1-14CAD59FA5FD}.Release|Any CPU.ActiveCfg = Release|Any CPU
		{FAD644EF-0E33-4F4A-81B1-14CAD59FA5FD}.Release|Any CPU.Build.0 = Release|Any CPU
	EndGlobalSection
	GlobalSection(SolutionProperties) = preSolution
		HideSolutionNode = FALSE
	EndGlobalSection
	GlobalSection(ExtensibilityGlobals) = postSolution
		SolutionGuid = {732FB5E4-699A-44B6-B5BA-73A8FE450E6F}
	EndGlobalSection
EndGlobal
